
Microsoft Visual Studio Solution File, Format Version 12.00
# Visual Studio 2017
Project("{FAE04EC0-301F-11D3-BF4B-00C04F79EFBC}") = "Week 8", "Week 8.csproj", "{6E5B6444-B930-A2A4-3E5D-C10F08B95602}"
EndProject
Global
	GlobalSection(SolutionConfigurationPlatforms) = preSolution
		Debug|Any CPU = Debug|Any CPU
		Release|Any CPU = Release|Any CPU
	EndGlobalSection
	GlobalSection(ProjectConfigurationPlatforms) = postSolution
		{6E5B6444-B930-A2A4-3E5D-C10F08B95602}.Debug|Any CPU.ActiveCfg = Debug|Any CPU
		{6E5B6444-B930-A2A4-3E5D-C10F08B95602}.Debug|Any CPU.Build.0 = Debug|Any CPU
		{6E5B6444-B930-A2A4-3E5D-C10F08B95602}.Release|Any CPU.ActiveCfg = Release|Any CPU
		{6E5B6444-B930-A2A4-3E5D-C10F08B95602}.Release|Any CPU.Build.0 = Release|Any CPU
	EndGlobalSection
	GlobalSection(SolutionProperties) = preSolution
		HideSolutionNode = FALSE
	EndGlobalSection
EndGlobal
